// !$*UTF8*$!
{
	archiveVersion = 1;
	classes = {
	};
	objectVersion = 46;
	objects = {

/* Begin PBXBuildFile section */
		DE572ADA1B126F1400B1A744 /* Meme.swift in Sources */ = {isa = PBXBuildFile; fileRef = DE572AD91B126F1400B1A744 /* Meme.swift */; };
		DE82F1331B12A70C00CCC1BC /* MemeTableViewController copy.swift in Sources */ = {isa = PBXBuildFile; fileRef = DE82F1321B12A70C00CCC1BC /* MemeTableViewController copy.swift */; };
		DE82F1391B13F2A600CCC1BC /* MemeDetailViewController.swift in Sources */ = {isa = PBXBuildFile; fileRef = DE82F1381B13F2A600CCC1BC /* MemeDetailViewController.swift */; };
		DEA80EF81B127FB600AF9971 /* MemeEditorController.swift in Sources */ = {isa = PBXBuildFile; fileRef = DEA80EF71B127FB600AF9971 /* MemeEditorController.swift */; };
		DEA80EFA1B12911A00AF9971 /* MemeCollectionViewController.swift in Sources */ = {isa = PBXBuildFile; fileRef = DEA80EF91B12911A00AF9971 /* MemeCollectionViewController.swift */; };
		DEB5E87C1B0D66FC00E57A9A /* AppDelegate.swift in Sources */ = {isa = PBXBuildFile; fileRef = DEB5E87B1B0D66FC00E57A9A /* AppDelegate.swift */; };
		DEB5E8811B0D66FC00E57A9A /* Main.storyboard in Resources */ = {isa = PBXBuildFile; fileRef = DEB5E87F1B0D66FC00E57A9A /* Main.storyboard */; };
		DEB5E8831B0D66FC00E57A9A /* Images.xcassets in Resources */ = {isa = PBXBuildFile; fileRef = DEB5E8821B0D66FC00E57A9A /* Images.xcassets */; };
		DEB5E8861B0D66FC00E57A9A /* LaunchScreen.xib in Resources */ = {isa = PBXBuildFile; fileRef = DEB5E8841B0D66FC00E57A9A /* LaunchScreen.xib */; };
		DEB5E8921B0D66FC00E57A9A /* MemeMeTests.swift in Sources */ = {isa = PBXBuildFile; fileRef = DEB5E8911B0D66FC00E57A9A /* MemeMeTests.swift */; };
/* End PBXBuildFile section */

/* Begin PBXContainerItemProxy section */
		DEB5E88C1B0D66FC00E57A9A /* PBXContainerItemProxy */ = {
			isa = PBXContainerItemProxy;
			containerPortal = DEB5E86E1B0D66FC00E57A9A /* Project object */;
			proxyType = 1;
			remoteGlobalIDString = DEB5E8751B0D66FC00E57A9A;
			remoteInfo = MemeMe;
		};
/* End PBXContainerItemProxy section */

/* Begin PBXFileReference section */
		DE572AD91B126F1400B1A744 /* Meme.swift */ = {isa = PBXFileReference; fileEncoding = 4; lastKnownFileType = sourcecode.swift; path = Meme.swift; sourceTree = "<group>"; };
		DE82F1321B12A70C00CCC1BC /* MemeTableViewController copy.swift */ = {isa = PBXFileReference; fileEncoding = 4; lastKnownFileType = sourcecode.swift; path = "MemeTableViewController copy.swift"; sourceTree = "<group>"; };
		DE82F1381B13F2A600CCC1BC /* MemeDetailViewController.swift */ = {isa = PBXFileReference; fileEncoding = 4; lastKnownFileType = sourcecode.swift; path = MemeDetailViewController.swift; sourceTree = "<group>"; };
		DEA80EF71B127FB600AF9971 /* MemeEditorController.swift */ = {isa = PBXFileReference; fileEncoding = 4; lastKnownFileType = sourcecode.swift; path = MemeEditorController.swift; sourceTree = "<group>"; };
		DEA80EF91B12911A00AF9971 /* MemeCollectionViewController.swift */ = {isa = PBXFileReference; fileEncoding = 4; lastKnownFileType = sourcecode.swift; path = MemeCollectionViewController.swift; sourceTree = "<group>"; };
		DEB5E8761B0D66FC00E57A9A /* MemeMe.app */ = {isa = PBXFileReference; explicitFileType = wrapper.application; includeInIndex = 0; path = MemeMe.app; sourceTree = BUILT_PRODUCTS_DIR; };
		DEB5E87A1B0D66FC00E57A9A /* Info.plist */ = {isa = PBXFileReference; lastKnownFileType = text.plist.xml; path = Info.plist; sourceTree = "<group>"; };
		DEB5E87B1B0D66FC00E57A9A /* AppDelegate.swift */ = {isa = PBXFileReference; lastKnownFileType = sourcecode.swift; path = AppDelegate.swift; sourceTree = "<group>"; };
		DEB5E8801B0D66FC00E57A9A /* Base */ = {isa = PBXFileReference; lastKnownFileType = file.storyboard; name = Base; path = Base.lproj/Main.storyboard; sourceTree = "<group>"; };
		DEB5E8821B0D66FC00E57A9A /* Images.xcassets */ = {isa = PBXFileReference; lastKnownFileType = folder.assetcatalog; path = Images.xcassets; sourceTree = "<group>"; };
		DEB5E8851B0D66FC00E57A9A /* Base */ = {isa = PBXFileReference; lastKnownFileType = file.xib; name = Base; path = Base.lproj/LaunchScreen.xib; sourceTree = "<group>"; };
		DEB5E88B1B0D66FC00E57A9A /* MemeMeTests.xctest */ = {isa = PBXFileReference; explicitFileType = wrapper.cfbundle; includeInIndex = 0; path = MemeMeTests.xctest; sourceTree = BUILT_PRODUCTS_DIR; };
		DEB5E8901B0D66FC00E57A9A /* Info.plist */ = {isa = PBXFileReference; lastKnownFileType = text.plist.xml; path = Info.plist; sourceTree = "<group>"; };
		DEB5E8911B0D66FC00E57A9A /* MemeMeTests.swift */ = {isa = PBXFileReference; lastKnownFileType = sourcecode.swift; path = MemeMeTests.swift; sourceTree = "<group>"; };
/* End PBXFileReference section */

/* Begin PBXFrameworksBuildPhase section */
		DEB5E8731B0D66FC00E57A9A /* Frameworks */ = {
			isa = PBXFrameworksBuildPhase;
			buildActionMask = 2147483647;
			files = (
			);
			runOnlyForDeploymentPostprocessing = 0;
		};
		DEB5E8881B0D66FC00E57A9A /* Frameworks */ = {
			isa = PBXFrameworksBuildPhase;
			buildActionMask = 2147483647;
			files = (
			);
			runOnlyForDeploymentPostprocessing = 0;
		};
/* End PBXFrameworksBuildPhase section */

/* Begin PBXGroup section */
		DEB5E86D1B0D66FC00E57A9A = {
			isa = PBXGroup;
			children = (
				DEB5E8781B0D66FC00E57A9A /* MemeMe */,
				DEB5E88E1B0D66FC00E57A9A /* MemeMeTests */,
				DEB5E8771B0D66FC00E57A9A /* Products */,
			);
			sourceTree = "<group>";
		};
		DEB5E8771B0D66FC00E57A9A /* Products */ = {
			isa = PBXGroup;
			children = (
				DEB5E8761B0D66FC00E57A9A /* MemeMe.app */,
				DEB5E88B1B0D66FC00E57A9A /* MemeMeTests.xctest */,
			);
			name = Products;
			sourceTree = "<group>";
		};
		DEB5E8781B0D66FC00E57A9A /* MemeMe */ = {
			isa = PBXGroup;
			children = (
				DEB5E87B1B0D66FC00E57A9A /* AppDelegate.swift */,
				DE572AD91B126F1400B1A744 /* Meme.swift */,
				DE82F1381B13F2A600CCC1BC /* MemeDetailViewController.swift */,
				DE82F1321B12A70C00CCC1BC /* MemeTableViewController copy.swift */,
				DEB5E87F1B0D66FC00E57A9A /* Main.storyboard */,
				DEB5E8821B0D66FC00E57A9A /* Images.xcassets */,
				DEA80EF71B127FB600AF9971 /* MemeEditorController.swift */,
				DEA80EF91B12911A00AF9971 /* MemeCollectionViewController.swift */,
				DEB5E8841B0D66FC00E57A9A /* LaunchScreen.xib */,
				DEB5E8791B0D66FC00E57A9A /* Supporting Files */,
			);
			path = MemeMe;
			sourceTree = "<group>";
		};
		DEB5E8791B0D66FC00E57A9A /* Supporting Files */ = {
			isa = PBXGroup;
			children = (
				DEB5E87A1B0D66FC00E57A9A /* Info.plist */,
			);
			name = "Supporting Files";
			sourceTree = "<group>";
		};
		DEB5E88E1B0D66FC00E57A9A /* MemeMeTests */ = {
			isa = PBXGroup;
			children = (
				DEB5E8911B0D66FC00E57A9A /* MemeMeTests.swift */,
				DEB5E88F1B0D66FC00E57A9A /* Supporting Files */,
			);
			path = MemeMeTests;
			sourceTree = "<group>";
		};
		DEB5E88F1B0D66FC00E57A9A /* Supporting Files */ = {
			isa = PBXGroup;
			children = (
				DEB5E8901B0D66FC00E57A9A /* Info.plist */,
			);
			name = "Supporting Files";
			sourceTree = "<group>";
		};
/* End PBXGroup section */

/* Begin PBXNativeTarget section */
		DEB5E8751B0D66FC00E57A9A /* MemeMe */ = {
			isa = PBXNativeTarget;
			buildConfigurationList = DEB5E8951B0D66FC00E57A9A /* Build configuration list for PBXNativeTarget "MemeMe" */;
			buildPhases = (
				DEB5E8721B0D66FC00E57A9A /* Sources */,
				DEB5E8731B0D66FC00E57A9A /* Frameworks */,
				DEB5E8741B0D66FC00E57A9A /* Resources */,
			);
			buildRules = (
			);
			dependencies = (
			);
			name = MemeMe;
			productName = MemeMe;
			productReference = DEB5E8761B0D66FC00E57A9A /* MemeMe.app */;
			productType = "com.apple.product-type.application";
		};
		DEB5E88A1B0D66FC00E57A9A /* MemeMeTests */ = {
			isa = PBXNativeTarget;
			buildConfigurationList = DEB5E8981B0D66FC00E57A9A /* Build configuration list for PBXNativeTarget "MemeMeTests" */;
			buildPhases = (
				DEB5E8871B0D66FC00E57A9A /* Sources */,
				DEB5E8881B0D66FC00E57A9A /* Frameworks */,
				DEB5E8891B0D66FC00E57A9A /* Resources */,
			);
			buildRules = (
			);
			dependencies = (
				DEB5E88D1B0D66FC00E57A9A /* PBXTargetDependency */,
			);
			name = MemeMeTests;
			productName = MemeMeTests;
			productReference = DEB5E88B1B0D66FC00E57A9A /* MemeMeTests.xctest */;
			productType = "com.apple.product-type.bundle.unit-test";
		};
/* End PBXNativeTarget section */

/* Begin PBXProject section */
		DEB5E86E1B0D66FC00E57A9A /* Project object */ = {
			isa = PBXProject;
			attributes = {
				LastUpgradeCheck = 0630;
				ORGANIZATIONNAME = GE;
				TargetAttributes = {
					DEB5E8751B0D66FC00E57A9A = {
						CreatedOnToolsVersion = 6.3.1;
					};
					DEB5E88A1B0D66FC00E57A9A = {
						CreatedOnToolsVersion = 6.3.1;
						TestTargetID = DEB5E8751B0D66FC00E57A9A;
					};
				};
			};
			buildConfigurationList = DEB5E8711B0D66FC00E57A9A /* Build configuration list for PBXProject "MemeMe" */;
			compatibilityVersion = "Xcode 3.2";
			developmentRegion = English;
			hasScannedForEncodings = 0;
			knownRegions = (
				en,
				Base,
			);
			mainGroup = DEB5E86D1B0D66FC00E57A9A;
			productRefGroup = DEB5E8771B0D66FC00E57A9A /* Products */;
			projectDirPath = "";
			projectRoot = "";
			targets = (
				DEB5E8751B0D66FC00E57A9A /* MemeMe */,
				DEB5E88A1B0D66FC00E57A9A /* MemeMeTests */,
			);
		};
/* End PBXProject section */

/* Begin PBXResourcesBuildPhase section */
		DEB5E8741B0D66FC00E57A9A /* Resources */ = {
			isa = PBXResourcesBuildPhase;
			buildActionMask = 2147483647;
			files = (
				DEB5E8811B0D66FC00E57A9A /* Main.storyboard in Resources */,
				DEB5E8861B0D66FC00E57A9A /* LaunchScreen.xib in Resources */,
				DEB5E8831B0D66FC00E57A9A /* Images.xcassets in Resources */,
			);
			runOnlyForDeploymentPostprocessing = 0;
		};
		DEB5E8891B0D66FC00E57A9A /* Resources */ = {
			isa = PBXResourcesBuildPhase;
			buildActionMask = 2147483647;
			files = (
			);
			runOnlyForDeploymentPostprocessing = 0;
		};
/* End PBXResourcesBuildPhase section */

/* Begin PBXSourcesBuildPhase section */
		DEB5E8721B0D66FC00E57A9A /* Sources */ = {
			isa = PBXSourcesBuildPhase;
			buildActionMask = 2147483647;
			files = (
				DE82F1331B12A70C00CCC1BC /* MemeTableViewController copy.swift in Sources */,
				DEA80EFA1B12911A00AF9971 /* MemeCollectionViewController.swift in Sources */,
				DEA80EF81B127FB600AF9971 /* MemeEditorController.swift in Sources */,
				DE572ADA1B126F1400B1A744 /* Meme.swift in Sources */,
				DE82F1391B13F2A600CCC1BC /* MemeDetailViewController.swift in Sources */,
				DEB5E87C1B0D66FC00E57A9A /* AppDelegate.swift in Sources */,
			);
			runOnlyForDeploymentPostprocessing = 0;
		};
		DEB5E8871B0D66FC00E57A9A /* Sources */ = {
			isa = PBXSourcesBuildPhase;
			buildActionMask = 2147483647;
			files = (
				DEB5E8921B0D66FC00E57A9A /* MemeMeTests.swift in Sources */,
			);
			runOnlyForDeploymentPostprocessing = 0;
		};
/* End PBXSourcesBuildPhase section */

/* Begin PBXTargetDependency section */
		DEB5E88D1B0D66FC00E57A9A /* PBXTargetDependency */ = {
			isa = PBXTargetDependency;
			target = DEB5E8751B0D66FC00E57A9A /* MemeMe */;
			targetProxy = DEB5E88C1B0D66FC00E57A9A /* PBXContainerItemProxy */;
		};
/* End PBXTargetDependency section */

/* Begin PBXVariantGroup section */
		DEB5E87F1B0D66FC00E57A9A /* Main.storyboard */ = {
			isa = PBXVariantGroup;
			children = (
				DEB5E8801B0D66FC00E57A9A /* Base */,
			);
			name = Main.storyboard;
			sourceTree = "<group>";
		};
		DEB5E8841B0D66FC00E57A9A /* LaunchScreen.xib */ = {
			isa = PBXVariantGroup;
			children = (
				DEB5E8851B0D66FC00E57A9A /* Base */,
			);
			name = LaunchScreen.xib;
			sourceTree = "<group>";
		};
/* End PBXVariantGroup section */

/* Begin XCBuildConfiguration section */
		DEB5E8931B0D66FC00E57A9A /* Debug */ = {
			isa = XCBuildConfiguration;
			buildSettings = {
				ALWAYS_SEARCH_USER_PATHS = NO;
				CLANG_CXX_LANGUAGE_STANDARD = "gnu++0x";
				CLANG_CXX_LIBRARY = "libc++";
				CLANG_ENABLE_MODULES = YES;
				CLANG_ENABLE_OBJC_ARC = YES;
				CLANG_WARN_BOOL_CONVERSION = YES;
				CLANG_WARN_CONSTANT_CONVERSION = YES;
				CLANG_WARN_DIRECT_OBJC_ISA_USAGE = YES_ERROR;
				CLANG_WARN_EMPTY_BODY = YES;
				CLANG_WARN_ENUM_CONVERSION = YES;
				CLANG_WARN_INT_CONVERSION = YES;
				CLANG_WARN_OBJC_ROOT_CLASS = YES_ERROR;
				CLANG_WARN_UNREACHABLE_CODE = YES;
				CLANG_WARN__DUPLICATE_METHOD_MATCH = YES;
				"CODE_SIGN_IDENTITY[sdk=iphoneos*]" = "iPhone Developer";
				COPY_PHASE_STRIP = NO;
				DEBUG_INFORMATION_FORMAT = "dwarf-with-dsym";
				ENABLE_STRICT_OBJC_MSGSEND = YES;
				GCC_C_LANGUAGE_STANDARD = gnu99;
				GCC_DYNAMIC_NO_PIC = NO;
				GCC_NO_COMMON_BLOCKS = YES;
				GCC_OPTIMIZATION_LEVEL = 0;
				GCC_PREPROCESSOR_DEFINITIONS = (
					"DEBUG=1",
					"$(inherited)",
				);
				GCC_SYMBOLS_PRIVATE_EXTERN = NO;
				GCC_WARN_64_TO_32_BIT_CONVERSION = YES;
				GCC_WARN_ABOUT_RETURN_TYPE = YES_ERROR;
				GCC_WARN_UNDECLARED_SELECTOR = YES;
				GCC_WARN_UNINITIALIZED_AUTOS = YES_AGGRESSIVE;
				GCC_WARN_UNUSED_FUNCTION = YES;
				GCC_WARN_UNUSED_VARIABLE = YES;
				IPHONEOS_DEPLOYMENT_TARGET = 8.3;
				MTL_ENABLE_DEBUG_INFO = YES;
				ONLY_ACTIVE_ARCH = YES;
				SDKROOT = iphoneos;
				SWIFT_OPTIMIZATION_LEVEL = "-Onone";
			};
			name = Debug;
		};
		DEB5E8941B0D66FC00E57A9A /* Release */ = {
			isa = XCBuildConfiguration;
			buildSettings = {
				ALWAYS_SEARCH_USER_PATHS = NO;
				CLANG_CXX_LANGUAGE_STANDARD = "gnu++0x";
				CLANG_CXX_LIBRARY = "libc++";
				CLANG_ENABLE_MODULES = YES;
				CLANG_ENABLE_OBJC_ARC = YES;
				CLANG_WARN_BOOL_CONVERSION = YES;
				CLANG_WARN_CONSTANT_CONVERSION = YES;
				CLANG_WARN_DIRECT_OBJC_ISA_USAGE = YES_ERROR;
				CLANG_WARN_EMPTY_BODY = YES;
				CLANG_WARN_ENUM_CONVERSION = YES;
				CLANG_WARN_INT_CONVERSION = YES;
				CLANG_WARN_OBJC_ROOT_CLASS = YES_ERROR;
				CLANG_WARN_UNREACHABLE_CODE = YES;
				CLANG_WARN__DUPLICATE_METHOD_MATCH = YES;
				"CODE_SIGN_IDENTITY[sdk=iphoneos*]" = "iPhone Developer";
				COPY_PHASE_STRIP = NO;
				DEBUG_INFORMATION_FORMAT = "dwarf-with-dsym";
				ENABLE_NS_ASSERTIONS = NO;
				ENABLE_STRICT_OBJC_MSGSEND = YES;
				GCC_C_LANGUAGE_STANDARD = gnu99;
				GCC_NO_COMMON_BLOCKS = YES;
				GCC_WARN_64_TO_32_BIT_CONVERSION = YES;
				GCC_WARN_ABOUT_RETURN_TYPE = YES_ERROR;
				GCC_WARN_UNDECLARED_SELECTOR = YES;
				GCC_WARN_UNINITIALIZED_AUTOS = YES_AGGRESSIVE;
				GCC_WARN_UNUSED_FUNCTION = YES;
				GCC_WARN_UNUSED_VARIABLE = YES;
				IPHONEOS_DEPLOYMENT_TARGET = 8.3;
				MTL_ENABLE_DEBUG_INFO = NO;
				SDKROOT = iphoneos;
				VALIDATE_PRODUCT = YES;
			};
			name = Release;
		};
		DEB5E8961B0D66FC00E57A9A /* Debug */ = {
			isa = XCBuildConfiguration;
			buildSettings = {
				ASSETCATALOG_COMPILER_APPICON_NAME = AppIcon;
				INFOPLIST_FILE = MemeMe/Info.plist;
				LD_RUNPATH_SEARCH_PATHS = "$(inherited) @executable_path/Frameworks";
				PRODUCT_NAME = "$(TARGET_NAME)";
			};
			name = Debug;
		};
		DEB5E8971B0D66FC00E57A9A /* Release */ = {
			isa = XCBuildConfiguration;
			buildSettings = {
				ASSETCATALOG_COMPILER_APPICON_NAME = AppIcon;
				INFOPLIST_FILE = MemeMe/Info.plist;
				LD_RUNPATH_SEARCH_PATHS = "$(inherited) @executable_path/Frameworks";
				PRODUCT_NAME = "$(TARGET_NAME)";
			};
			name = Release;
		};
		DEB5E8991B0D66FC00E57A9A /* Debug */ = {
			isa = XCBuildConfiguration;
			buildSettings = {
				BUNDLE_LOADER = "$(TEST_HOST)";
				FRAMEWORK_SEARCH_PATHS = (
					"$(SDKROOT)/Developer/Library/Frameworks",
					"$(inherited)",
				);
				GCC_PREPROCESSOR_DEFINITIONS = (
					"DEBUG=1",
					"$(inherited)",
				);
				INFOPLIST_FILE = MemeMeTests/Info.plist;
				LD_RUNPATH_SEARCH_PATHS = "$(inherited) @executable_path/Frameworks @loader_path/Frameworks";
				PRODUCT_NAME = "$(TARGET_NAME)";
				TEST_HOST = "$(BUILT_PRODUCTS_DIR)/MemeMe.app/MemeMe";
			};
			name = Debug;
		};
		DEB5E89A1B0D66FC00E57A9A /* Release */ = {
			isa = XCBuildConfiguration;
			buildSettings = {
				BUNDLE_LOADER = "$(TEST_HOST)";
				FRAMEWORK_SEARCH_PATHS = (
					"$(SDKROOT)/Developer/Library/Frameworks",
					"$(inherited)",
				);
				INFOPLIST_FILE = MemeMeTests/Info.plist;
				LD_RUNPATH_SEARCH_PATHS = "$(inherited) @executable_path/Frameworks @loader_path/Frameworks";
				PRODUCT_NAME = "$(TARGET_NAME)";
				TEST_HOST = "$(BUILT_PRODUCTS_DIR)/MemeMe.app/MemeMe";
			};
			name = Release;
		};
/* End XCBuildConfiguration section */

/* Begin XCConfigurationList section */
		DEB5E8711B0D66FC00E57A9A /* Build configuration list for PBXProject "MemeMe" */ = {
			isa = XCConfigurationList;
			buildConfigurations = (
				DEB5E8931B0D66FC00E57A9A /* Debug */,
				DEB5E8941B0D66FC00E57A9A /* Release */,
			);
			defaultConfigurationIsVisible = 0;
			defaultConfigurationName = Release;
		};
		DEB5E8951B0D66FC00E57A9A /* Build configuration list for PBXNativeTarget "MemeMe" */ = {
			isa = XCConfigurationList;
			buildConfigurations = (
				DEB5E8961B0D66FC00E57A9A /* Debug */,
				DEB5E8971B0D66FC00E57A9A /* Release */,
			);
			defaultConfigurationIsVisible = 0;
			defaultConfigurationName = Release;
		};
		DEB5E8981B0D66FC00E57A9A /* Build configuration list for PBXNativeTarget "MemeMeTests" */ = {
			isa = XCConfigurationList;
			buildConfigurations = (
				DEB5E8991B0D66FC00E57A9A /* Debug */,
				DEB5E89A1B0D66FC00E57A9A /* Release */,
			);
			defaultConfigurationIsVisible = 0;
			defaultConfigurationName = Release;
		};
/* End XCConfigurationList section */
	};
	rootObject = DEB5E86E1B0D66FC00E57A9A /* Project object */;
}
